<?xml version="1.0" encoding="utf-8"?>
<Project ToolsVersion="4.0" xmlns="http://schemas.microsoft.com/developer/msbuild/2003">
  <ItemGroup>
    <Filter Include="源文件">
      <UniqueIdentifier>{4FC737F1-C7A5-4376-A066-2A32D752A2FF}</UniqueIdentifier>
      <Extensions>cpp;c;cc;cxx;def;odl;idl;hpj;bat;asm;asmx</Extensions>
    </Filter>
    <Filter Include="头文件">
      <UniqueIdentifier>{93995380-89BD-4b04-88EB-625FBE52EBFB}</UniqueIdentifier>
      <Extensions>h;hpp;hxx;hm;inl;inc;xsd</Extensions>
    </Filter>
    <Filter Include="资源文件">
      <UniqueIdentifier>{67DA6AB6-F800-4c08-8B7A-83BB121AAD01}</UniqueIdentifier>
      <Extensions>rc;ico;cur;bmp;dlg;rc2;rct;bin;rgs;gif;jpg;jpeg;jpe;resx;tiff;tif;png;wav;mfcribbon-ms</Extensions>
    </Filter>
  </ItemGroup>
  <ItemGroup>
    <ClCompile Include="StdAfx.cpp">
      <Filter>源文件</Filter>
    </ClCompile>
    <ClCompile Include="DocData.cpp">
      <Filter>源文件</Filter>
    </ClCompile>
    <ClCompile Include="acrxEntryPoint.cpp">
      <Filter>源文件</Filter>
    </ClCompile>
    <ClCompile Include="TerrainModule.cpp">
      <Filter>源文件</Filter>
    </ClCompile>
    <ClCompile Include="AcedEmployReactor.cpp">
      <Filter>源文件</Filter>
    </ClCompile>
    <ClCompile Include="CDynamicload.cpp">
      <Filter>源文件</Filter>
    </ClCompile>
    <ClCompile Include="CReadSrcFile.cpp">
      <Filter>源文件</Filter>
    </ClCompile>
    <ClCompile Include="CreateGeomtry.cpp">
      <Filter>源文件</Filter>
    </ClCompile>
    <ClCompile Include="CTerrainQuadTree.cpp">
      <Filter>源文件</Filter>
    </ClCompile>
    <ClCompile Include="CustomPolygonmesh.cpp">
      <Filter>源文件</Filter>
    </ClCompile>
    <ClCompile Include="PostToModelSpace.cpp">
      <Filter>源文件</Filter>
    </ClCompile>
    <ClCompile Include="DlgTerrain.cpp">
      <Filter>源文件</Filter>
    </ClCompile>
    <ClCompile Include="StringConvert.cpp">
      <Filter>源文件</Filter>
    </ClCompile>
    <ClCompile Include="BoostGraphic.cpp">
      <Filter>源文件</Filter>
    </ClCompile>
  </ItemGroup>
  <ItemGroup>
    <ClInclude Include="StdAfx.h">
      <Filter>头文件</Filter>
    </ClInclude>
    <ClInclude Include="DocData.h">
      <Filter>头文件</Filter>
    </ClInclude>
    <ClInclude Include="Resource.h">
      <Filter>头文件</Filter>
    </ClInclude>
    <ClInclude Include="AcedEmployReactor.h">
      <Filter>头文件</Filter>
    </ClInclude>
    <ClInclude Include="CDynamicload.h">
      <Filter>头文件</Filter>
    </ClInclude>
    <ClInclude Include="CReadSrcFile.h">
      <Filter>头文件</Filter>
    </ClInclude>
    <ClInclude Include="CreateGeomtry.h">
      <Filter>头文件</Filter>
    </ClInclude>
    <ClInclude Include="CTerrainQuadTree.h">
      <Filter>头文件</Filter>
    </ClInclude>
    <ClInclude Include="CustomPolygonmesh.h">
      <Filter>头文件</Filter>
    </ClInclude>
    <ClInclude Include="gdalwarper.h">
      <Filter>头文件</Filter>
    </ClInclude>
    <ClInclude Include="Manage_memory.h">
      <Filter>头文件</Filter>
    </ClInclude>
    <ClInclude Include="ogrsf_frmts.h">
      <Filter>头文件</Filter>
    </ClInclude>
    <ClInclude Include="PostToModelSpace.h">
      <Filter>头文件</Filter>
    </ClInclude>
    <ClInclude Include="StructQuadTreeNode.h">
      <Filter>头文件</Filter>
    </ClInclude>
    <ClInclude Include="DlgTerrain.h">
      <Filter>头文件</Filter>
    </ClInclude>
    <ClInclude Include="StringConvert.h">
      <Filter>头文件</Filter>
    </ClInclude>
    <ClInclude Include="BoostGraphic.h">
      <Filter>头文件</Filter>
    </ClInclude>
  </ItemGroup>
  <ItemGroup>
    <ResourceCompile Include="TerrainModule.rc">
      <Filter>资源文件</Filter>
    </ResourceCompile>
  </ItemGroup>
  <ItemGroup>
    <Text Include="ReadMe.txt" />
  </ItemGroup>
  <ItemGroup>
    <None Include="packages.config" />
  </ItemGroup>
</Project>